
Microsoft Visual Studio Solution File, Format Version 12.00
# Visual Studio Version 17
VisualStudioVersion = 17.8.34511.84
MinimumVisualStudioVersion = 10.0.40219.1
Project("{FAE04EC0-301F-11D3-BF4B-00C04F79EFBC}") = "Babys-weekly-menu", "Babys-weekly-menu\Babys-weekly-menu.csproj", "{27606214-0AEA-4E5F-A1D0-D16F94EFE7FD}"
EndProject
Global
	GlobalSection(SolutionConfigurationPlatforms) = preSolution
		Debug|Any CPU = Debug|Any CPU
		Release|Any CPU = Release|Any CPU
	EndGlobalSection
	GlobalSection(ProjectConfigurationPlatforms) = postSolution
		{27606214-0AEA-4E5F-A1D0-D16F94EFE7FD}.Debug|Any CPU.ActiveCfg = Debug|Any CPU
		{27606214-0AEA-4E5F-A1D0-D16F94EFE7FD}.Debug|Any CPU.Build.0 = Debug|Any CPU
		{27606214-0AEA-4E5F-A1D0-D16F94EFE7FD}.Release|Any CPU.ActiveCfg = Release|Any CPU
		{27606214-0AEA-4E5F-A1D0-D16F94EFE7FD}.Release|Any CPU.Build.0 = Release|Any CPU
	EndGlobalSection
	GlobalSection(SolutionProperties) = preSolution
		HideSolutionNode = FALSE
	EndGlobalSection
	GlobalSection(ExtensibilityGlobals) = postSolution
		SolutionGuid = {7301FB5B-D96F-4B0F-BF15-875DE0B09C34}
	EndGlobalSection
EndGlobal
